hash: 52737b21f10d76a8871b7c80758a4d424c2171e5279309ba345124b80590850a
updated: 2018-02-25T23:57:10.895628021-05:00
imports:
- name: github.com/Azure/go-ansiterm
  version: 19f72df4d05d31cbe1c56bfc8045c96babff6c7e
  subpackages:
  - winterm
- name: github.com/davecgh/go-spew
  version: 782f4967f2dc4564575ca782fe2d04090b5faca8
  subpackages:
  - spew
- name: github.com/docker/docker
  version: b68221c37ee597950364788204546f9c9d0e46a1
  subpackages:
  - api
  - api/types
  - api/types/blkiodev
  - api/types/container
  - api/types/filters
  - api/types/mount
  - api/types/network
  - api/types/registry
  - api/types/strslice
  - api/types/swarm
  - api/types/swarm/runtime
  - api/types/versions
  - builder/dockerfile/command
  - builder/dockerfile/parser
  - opts
  - pkg/archive
  - pkg/fileutils
  - pkg/homedir
  - pkg/idtools
  - pkg/ioutils
  - pkg/jsonlog
  - pkg/jsonmessage
  - pkg/longpath
  - pkg/mount
  - pkg/pools
  - pkg/promise
  - pkg/stdcopy
  - pkg/system
  - pkg/term
  - pkg/term/windows
- name: github.com/docker/go-connections
  version: 3ede32e2033de7505e6500d6c868c2b9ed9f169d
  subpackages:
  - nat
- name: github.com/docker/go-units
  version: 9e638d38cf6977a37a8ea0078f3ee75a7cdb2dd1
- name: github.com/fsouza/go-dockerclient
  version: 461a63e0851f0ae3c0410b5c93124aacecada593
  repo: git@github.com:openshift/go-dockerclient
- name: github.com/gogo/protobuf
  version: fcdc5011193ff531a548e9b0301828d5a5b97fd8
  subpackages:
  - proto
- name: github.com/golang/glog
  version: 44145f04b68cf362d9c4df2182967c2275eaefed
- name: github.com/gorilla/context
  version: 215affda49addc4c8ef7e2534915df2c8c35c6cd
- name: github.com/inconshreveable/mousetrap
  version: 76626ae9c91c4f2a10f34cad8ce83ea42c93bb75
- name: github.com/MakeNowJust/heredoc
  version: bb23615498cded5e105af4ce27de75b089cbe851
- name: github.com/Microsoft/go-winio
  version: 78439966b38d69bf38227fbf57ac8a6fee70f69a
- name: github.com/Nvveen/Gotty
  version: cd527374f1e5bff4938207604a14f2e38a9cf512
- name: github.com/opencontainers/go-digest
  version: 279bed98673dd5bef374d3b6e4b09e2af76183bf
- name: github.com/opencontainers/image-spec
  version: 97ae57f204b5956aa313d453ead9094ff9056b32
  subpackages:
  - specs-go
  - specs-go/v1
- name: github.com/opencontainers/runc
  version: b50fa98d9e5ec3ff58028c46767129607067f961
  subpackages:
  - libcontainer/system
  - libcontainer/user
- name: github.com/openshift/imagebuilder
  version: 4574f886e9697b3ea4539d0981cca6dad10afdc4
  subpackages:
  - dockerclient
  - imageprogress
  - signal
  - strslice
- name: github.com/pkg/errors
  version: 645ef00459ed84a119197bfb8d8205042c6df63d
- name: github.com/sirupsen/logrus
  version: 89742aefa4b206dcf400792f3bd35b542998eb3b
- name: github.com/spf13/cobra
  version: f62e98d28ab7ad31d707ba837a966378465c7b57
- name: github.com/spf13/pflag
  version: 9ff6c6923cfffbcd502984b8e0c80539a94968b7
- name: golang.org/x/crypto
  version: eb71ad9bd329b5ac0fd0148dd99bd62e8be8e035
  subpackages:
  - ssh/terminal
- name: golang.org/x/net
  version: 1c05540f6879653db88113bc4a2b70aec4bd491f
  subpackages:
  - context
  - context/ctxhttp
- name: golang.org/x/sys
  version: 07c182904dbd53199946ba614a412c61d3c548f5
  subpackages:
  - unix
  - windows
testImports:
- name: github.com/stretchr/testify
  version: ""
  subpackages:
  - assert
